
Microsoft Visual Studio Solution File, Format Version 12.00
# Visual Studio Version 16
VisualStudioVersion = 16.0.29613.14
MinimumVisualStudioVersion = 10.0.40219.1
Project("{FAE04EC0-301F-11D3-BF4B-00C04F79EFBC}") = "EmployeeManagement", "EmployeeManagement\EmployeeManagement.csproj", "{6072BFA2-D3D3-4BA3-A20F-957FB14381FC}"
EndProject
Global
	GlobalSection(SolutionConfigurationPlatforms) = preSolution
		Debug|Any CPU = Debug|Any CPU
		Release|Any CPU = Release|Any CPU
	EndGlobalSection
	GlobalSection(ProjectConfigurationPlatforms) = postSolution
		{6072BFA2-D3D3-4BA3-A20F-957FB14381FC}.Debug|Any CPU.ActiveCfg = Debug|Any CPU
		{6072BFA2-D3D3-4BA3-A20F-957FB14381FC}.Debug|Any CPU.Build.0 = Debug|Any CPU
		{6072BFA2-D3D3-4BA3-A20F-957FB14381FC}.Release|Any CPU.ActiveCfg = Release|Any CPU
		{6072BFA2-D3D3-4BA3-A20F-957FB14381FC}.Release|Any CPU.Build.0 = Release|Any CPU
	EndGlobalSection
	GlobalSection(SolutionProperties) = preSolution
		HideSolutionNode = FALSE
	EndGlobalSection
	GlobalSection(ExtensibilityGlobals) = postSolution
		SolutionGuid = {A41B13C3-C835-452E-9256-DD4833406142}
	EndGlobalSection
EndGlobal
